
Microsoft Visual Studio Solution File, Format Version 12.00
# Visual Studio Version 18
VisualStudioVersion = 18.0.0.0
MinimumVisualStudioVersion = 10.0.40219.1
Project("{FAE04EC0-301F-11D3-BF4B-00C04F79EFBC}") = "GptAccountKeeper.Desktop", "src\GptAccountKeeper.Desktop\GptAccountKeeper.Desktop.csproj", "{52F350D1-4E5F-4E02-947A-2F26D2629D22}"
EndProject
Project("{FAE04EC0-301F-11D3-BF4B-00C04F79EFBC}") = "GptAccountKeeper.Desktop.Tests", "tests\GptAccountKeeper.Desktop.Tests\GptAccountKeeper.Desktop.Tests.csproj", "{36B0B3DD-AD04-4D65-A242-FED153E0FD45}"
EndProject
Global
	GlobalSection(SolutionConfigurationPlatforms) = preSolution
		Debug|Any CPU = Debug|Any CPU
		Release|Any CPU = Release|Any CPU
	EndGlobalSection
	GlobalSection(ProjectConfigurationPlatforms) = postSolution
		{52F350D1-4E5F-4E02-947A-2F26D2629D22}.Debug|Any CPU.ActiveCfg = Debug|Any CPU
		{52F350D1-4E5F-4E02-947A-2F26D2629D22}.Debug|Any CPU.Build.0 = Debug|Any CPU
		{52F350D1-4E5F-4E02-947A-2F26D2629D22}.Release|Any CPU.ActiveCfg = Release|Any CPU
		{52F350D1-4E5F-4E02-947A-2F26D2629D22}.Release|Any CPU.Build.0 = Release|Any CPU
		{36B0B3DD-AD04-4D65-A242-FED153E0FD45}.Debug|Any CPU.ActiveCfg = Debug|Any CPU
		{36B0B3DD-AD04-4D65-A242-FED153E0FD45}.Debug|Any CPU.Build.0 = Debug|Any CPU
		{36B0B3DD-AD04-4D65-A242-FED153E0FD45}.Release|Any CPU.ActiveCfg = Release|Any CPU
		{36B0B3DD-AD04-4D65-A242-FED153E0FD45}.Release|Any CPU.Build.0 = Release|Any CPU
	EndGlobalSection
EndGlobal
